// !$*UTF8*$!
{
	archiveVersion = 1;
	classes = {
	};
	objectVersion = 46;
	objects = {

/* Begin PBXBuildFile section */
		B593E1DA197B0D96009D4BDD /* Foundation.framework in Frameworks */ = {isa = PBXBuildFile; fileRef = B593E1D9197B0D96009D4BDD /* Foundation.framework */; };
		B593E1DC197B0D96009D4BDD /* CoreGraphics.framework in Frameworks */ = {isa = PBXBuildFile; fileRef = B593E1DB197B0D96009D4BDD /* CoreGraphics.framework */; };
		B593E1DE197B0D96009D4BDD /* UIKit.framework in Frameworks */ = {isa = PBXBuildFile; fileRef = B593E1DD197B0D96009D4BDD /* UIKit.framework */; };
		B593E1E4197B0D96009D4BDD /* InfoPlist.strings in Resources */ = {isa = PBXBuildFile; fileRef = B593E1E2197B0D96009D4BDD /* InfoPlist.strings */; };
		B593E1E6197B0D96009D4BDD /* main.m in Sources */ = {isa = PBXBuildFile; fileRef = B593E1E5197B0D96009D4BDD /* main.m */; };
		B593E1EA197B0D96009D4BDD /* AppDelegate.m in Sources */ = {isa = PBXBuildFile; fileRef = B593E1E9197B0D96009D4BDD /* AppDelegate.m */; };
		B593E1EC197B0D96009D4BDD /* Images.xcassets in Resources */ = {isa = PBXBuildFile; fileRef = B593E1EB197B0D96009D4BDD /* Images.xcassets */; };
		B593E1F3197B0D96009D4BDD /* XCTest.framework in Frameworks */ = {isa = PBXBuildFile; fileRef = B593E1F2197B0D96009D4BDD /* XCTest.framework */; };
		B593E1F4197B0D96009D4BDD /* Foundation.framework in Frameworks */ = {isa = PBXBuildFile; fileRef = B593E1D9197B0D96009D4BDD /* Foundation.framework */; };
		B593E1F5197B0D96009D4BDD /* UIKit.framework in Frameworks */ = {isa = PBXBuildFile; fileRef = B593E1DD197B0D96009D4BDD /* UIKit.framework */; };
		B593E1FD197B0D96009D4BDD /* InfoPlist.strings in Resources */ = {isa = PBXBuildFile; fileRef = B593E1FB197B0D96009D4BDD /* InfoPlist.strings */; };
		B593E1FF197B0D96009D4BDD /* Rotten_TomatoesTests.m in Sources */ = {isa = PBXBuildFile; fileRef = B593E1FE197B0D96009D4BDD /* Rotten_TomatoesTests.m */; };
		B593E20B197B0DF0009D4BDD /* MovieViewController.m in Sources */ = {isa = PBXBuildFile; fileRef = B593E209197B0DF0009D4BDD /* MovieViewController.m */; };
		B593E20C197B0DF0009D4BDD /* MovieViewController.xib in Resources */ = {isa = PBXBuildFile; fileRef = B593E20A197B0DF0009D4BDD /* MovieViewController.xib */; };
/* End PBXBuildFile section */

/* Begin PBXContainerItemProxy section */
		B593E1F6197B0D96009D4BDD /* PBXContainerItemProxy */ = {
			isa = PBXContainerItemProxy;
			containerPortal = B593E1CE197B0D95009D4BDD /* Project object */;
			proxyType = 1;
			remoteGlobalIDString = B593E1D5197B0D96009D4BDD;
			remoteInfo = "Rotten Tomatoes";
		};
/* End PBXContainerItemProxy section */

/* Begin PBXFileReference section */
		B593E1D6197B0D96009D4BDD /* Rotten Tomatoes.app */ = {isa = PBXFileReference; explicitFileType = wrapper.application; includeInIndex = 0; path = "Rotten Tomatoes.app"; sourceTree = BUILT_PRODUCTS_DIR; };
		B593E1D9197B0D96009D4BDD /* Foundation.framework */ = {isa = PBXFileReference; lastKnownFileType = wrapper.framework; name = Foundation.framework; path = System/Library/Frameworks/Foundation.framework; sourceTree = SDKROOT; };
		B593E1DB197B0D96009D4BDD /* CoreGraphics.framework */ = {isa = PBXFileReference; lastKnownFileType = wrapper.framework; name = CoreGraphics.framework; path = System/Library/Frameworks/CoreGraphics.framework; sourceTree = SDKROOT; };
		B593E1DD197B0D96009D4BDD /* UIKit.framework */ = {isa = PBXFileReference; lastKnownFileType = wrapper.framework; name = UIKit.framework; path = System/Library/Frameworks/UIKit.framework; sourceTree = SDKROOT; };
		B593E1E1197B0D96009D4BDD /* Rotten Tomatoes-Info.plist */ = {isa = PBXFileReference; lastKnownFileType = text.plist.xml; path = "Rotten Tomatoes-Info.plist"; sourceTree = "<group>"; };
		B593E1E3197B0D96009D4BDD /* en */ = {isa = PBXFileReference; lastKnownFileType = text.plist.strings; name = en; path = en.lproj/InfoPlist.strings; sourceTree = "<group>"; };
		B593E1E5197B0D96009D4BDD /* main.m */ = {isa = PBXFileReference; lastKnownFileType = sourcecode.c.objc; path = main.m; sourceTree = "<group>"; };
		B593E1E7197B0D96009D4BDD /* Rotten Tomatoes-Prefix.pch */ = {isa = PBXFileReference; lastKnownFileType = sourcecode.c.h; path = "Rotten Tomatoes-Prefix.pch"; sourceTree = "<group>"; };
		B593E1E8197B0D96009D4BDD /* AppDelegate.h */ = {isa = PBXFileReference; lastKnownFileType = sourcecode.c.h; path = AppDelegate.h; sourceTree = "<group>"; };
		B593E1E9197B0D96009D4BDD /* AppDelegate.m */ = {isa = PBXFileReference; lastKnownFileType = sourcecode.c.objc; path = AppDelegate.m; sourceTree = "<group>"; };
		B593E1EB197B0D96009D4BDD /* Images.xcassets */ = {isa = PBXFileReference; lastKnownFileType = folder.assetcatalog; path = Images.xcassets; sourceTree = "<group>"; };
		B593E1F1197B0D96009D4BDD /* Rotten TomatoesTests.xctest */ = {isa = PBXFileReference; explicitFileType = wrapper.cfbundle; includeInIndex = 0; path = "Rotten TomatoesTests.xctest"; sourceTree = BUILT_PRODUCTS_DIR; };
		B593E1F2197B0D96009D4BDD /* XCTest.framework */ = {isa = PBXFileReference; lastKnownFileType = wrapper.framework; name = XCTest.framework; path = Library/Frameworks/XCTest.framework; sourceTree = DEVELOPER_DIR; };
		B593E1FA197B0D96009D4BDD /* Rotten TomatoesTests-Info.plist */ = {isa = PBXFileReference; lastKnownFileType = text.plist.xml; path = "Rotten TomatoesTests-Info.plist"; sourceTree = "<group>"; };
		B593E1FC197B0D96009D4BDD /* en */ = {isa = PBXFileReference; lastKnownFileType = text.plist.strings; name = en; path = en.lproj/InfoPlist.strings; sourceTree = "<group>"; };
		B593E1FE197B0D96009D4BDD /* Rotten_TomatoesTests.m */ = {isa = PBXFileReference; lastKnownFileType = sourcecode.c.objc; path = Rotten_TomatoesTests.m; sourceTree = "<group>"; };
		B593E208197B0DF0009D4BDD /* MovieViewController.h */ = {isa = PBXFileReference; fileEncoding = 4; lastKnownFileType = sourcecode.c.h; path = MovieViewController.h; sourceTree = "<group>"; };
		B593E209197B0DF0009D4BDD /* MovieViewController.m */ = {isa = PBXFileReference; fileEncoding = 4; lastKnownFileType = sourcecode.c.objc; path = MovieViewController.m; sourceTree = "<group>"; };
		B593E20A197B0DF0009D4BDD /* MovieViewController.xib */ = {isa = PBXFileReference; fileEncoding = 4; lastKnownFileType = file.xib; path = MovieViewController.xib; sourceTree = "<group>"; };
/* End PBXFileReference section */

/* Begin PBXFrameworksBuildPhase section */
		B593E1D3197B0D96009D4BDD /* Frameworks */ = {
			isa = PBXFrameworksBuildPhase;
			buildActionMask = 2147483647;
			files = (
				B593E1DC197B0D96009D4BDD /* CoreGraphics.framework in Frameworks */,
				B593E1DE197B0D96009D4BDD /* UIKit.framework in Frameworks */,
				B593E1DA197B0D96009D4BDD /* Foundation.framework in Frameworks */,
			);
			runOnlyForDeploymentPostprocessing = 0;
		};
		B593E1EE197B0D96009D4BDD /* Frameworks */ = {
			isa = PBXFrameworksBuildPhase;
			buildActionMask = 2147483647;
			files = (
				B593E1F3197B0D96009D4BDD /* XCTest.framework in Frameworks */,
				B593E1F5197B0D96009D4BDD /* UIKit.framework in Frameworks */,
				B593E1F4197B0D96009D4BDD /* Foundation.framework in Frameworks */,
			);
			runOnlyForDeploymentPostprocessing = 0;
		};
/* End PBXFrameworksBuildPhase section */

/* Begin PBXGroup section */
		B593E1CD197B0D95009D4BDD = {
			isa = PBXGroup;
			children = (
				B593E208197B0DF0009D4BDD /* MovieViewController.h */,
				B593E209197B0DF0009D4BDD /* MovieViewController.m */,
				B593E20A197B0DF0009D4BDD /* MovieViewController.xib */,
				B593E1DF197B0D96009D4BDD /* Rotten Tomatoes */,
				B593E1F8197B0D96009D4BDD /* Rotten TomatoesTests */,
				B593E1D8197B0D96009D4BDD /* Frameworks */,
				B593E1D7197B0D96009D4BDD /* Products */,
			);
			sourceTree = "<group>";
		};
		B593E1D7197B0D96009D4BDD /* Products */ = {
			isa = PBXGroup;
			children = (
				B593E1D6197B0D96009D4BDD /* Rotten Tomatoes.app */,
				B593E1F1197B0D96009D4BDD /* Rotten TomatoesTests.xctest */,
			);
			name = Products;
			sourceTree = "<group>";
		};
		B593E1D8197B0D96009D4BDD /* Frameworks */ = {
			isa = PBXGroup;
			children = (
				B593E1D9197B0D96009D4BDD /* Foundation.framework */,
				B593E1DB197B0D96009D4BDD /* CoreGraphics.framework */,
				B593E1DD197B0D96009D4BDD /* UIKit.framework */,
				B593E1F2197B0D96009D4BDD /* XCTest.framework */,
			);
			name = Frameworks;
			sourceTree = "<group>";
		};
		B593E1DF197B0D96009D4BDD /* Rotten Tomatoes */ = {
			isa = PBXGroup;
			children = (
				B593E1E8197B0D96009D4BDD /* AppDelegate.h */,
				B593E1E9197B0D96009D4BDD /* AppDelegate.m */,
				B593E1EB197B0D96009D4BDD /* Images.xcassets */,
				B593E1E0197B0D96009D4BDD /* Supporting Files */,
			);
			path = "Rotten Tomatoes";
			sourceTree = "<group>";
		};
		B593E1E0197B0D96009D4BDD /* Supporting Files */ = {
			isa = PBXGroup;
			children = (
				B593E1E1197B0D96009D4BDD /* Rotten Tomatoes-Info.plist */,
				B593E1E2197B0D96009D4BDD /* InfoPlist.strings */,
				B593E1E5197B0D96009D4BDD /* main.m */,
				B593E1E7197B0D96009D4BDD /* Rotten Tomatoes-Prefix.pch */,
			);
			name = "Supporting Files";
			sourceTree = "<group>";
		};
		B593E1F8197B0D96009D4BDD /* Rotten TomatoesTests */ = {
			isa = PBXGroup;
			children = (
				B593E1FE197B0D96009D4BDD /* Rotten_TomatoesTests.m */,
				B593E1F9197B0D96009D4BDD /* Supporting Files */,
			);
			path = "Rotten TomatoesTests";
			sourceTree = "<group>";
		};
		B593E1F9197B0D96009D4BDD /* Supporting Files */ = {
			isa = PBXGroup;
			children = (
				B593E1FA197B0D96009D4BDD /* Rotten TomatoesTests-Info.plist */,
				B593E1FB197B0D96009D4BDD /* InfoPlist.strings */,
			);
			name = "Supporting Files";
			sourceTree = "<group>";
		};
/* End PBXGroup section */

/* Begin PBXNativeTarget section */
		B593E1D5197B0D96009D4BDD /* Rotten Tomatoes */ = {
			isa = PBXNativeTarget;
			buildConfigurationList = B593E202197B0D96009D4BDD /* Build configuration list for PBXNativeTarget "Rotten Tomatoes" */;
			buildPhases = (
				B593E1D2197B0D96009D4BDD /* Sources */,
				B593E1D3197B0D96009D4BDD /* Frameworks */,
				B593E1D4197B0D96009D4BDD /* Resources */,
			);
			buildRules = (
			);
			dependencies = (
			);
			name = "Rotten Tomatoes";
			productName = "Rotten Tomatoes";
			productReference = B593E1D6197B0D96009D4BDD /* Rotten Tomatoes.app */;
			productType = "com.apple.product-type.application";
		};
		B593E1F0197B0D96009D4BDD /* Rotten TomatoesTests */ = {
			isa = PBXNativeTarget;
			buildConfigurationList = B593E205197B0D96009D4BDD /* Build configuration list for PBXNativeTarget "Rotten TomatoesTests" */;
			buildPhases = (
				B593E1ED197B0D96009D4BDD /* Sources */,
				B593E1EE197B0D96009D4BDD /* Frameworks */,
				B593E1EF197B0D96009D4BDD /* Resources */,
			);
			buildRules = (
			);
			dependencies = (
				B593E1F7197B0D96009D4BDD /* PBXTargetDependency */,
			);
			name = "Rotten TomatoesTests";
			productName = "Rotten TomatoesTests";
			productReference = B593E1F1197B0D96009D4BDD /* Rotten TomatoesTests.xctest */;
			productType = "com.apple.product-type.bundle.unit-test";
		};
/* End PBXNativeTarget section */

/* Begin PBXProject section */
		B593E1CE197B0D95009D4BDD /* Project object */ = {
			isa = PBXProject;
			attributes = {
				LastUpgradeCheck = 0510;
				ORGANIZATIONNAME = "Benjamin Dunphy";
				TargetAttributes = {
					B593E1F0197B0D96009D4BDD = {
						TestTargetID = B593E1D5197B0D96009D4BDD;
					};
				};
			};
			buildConfigurationList = B593E1D1197B0D95009D4BDD /* Build configuration list for PBXProject "Rotten Tomatoes" */;
			compatibilityVersion = "Xcode 3.2";
			developmentRegion = English;
			hasScannedForEncodings = 0;
			knownRegions = (
				en,
			);
			mainGroup = B593E1CD197B0D95009D4BDD;
			productRefGroup = B593E1D7197B0D96009D4BDD /* Products */;
			projectDirPath = "";
			projectRoot = "";
			targets = (
				B593E1D5197B0D96009D4BDD /* Rotten Tomatoes */,
				B593E1F0197B0D96009D4BDD /* Rotten TomatoesTests */,
			);
		};
/* End PBXProject section */

/* Begin PBXResourcesBuildPhase section */
		B593E1D4197B0D96009D4BDD /* Resources */ = {
			isa = PBXResourcesBuildPhase;
			buildActionMask = 2147483647;
			files = (
				B593E20C197B0DF0009D4BDD /* MovieViewController.xib in Resources */,
				B593E1E4197B0D96009D4BDD /* InfoPlist.strings in Resources */,
				B593E1EC197B0D96009D4BDD /* Images.xcassets in Resources */,
			);
			runOnlyForDeploymentPostprocessing = 0;
		};
		B593E1EF197B0D96009D4BDD /* Resources */ = {
			isa = PBXResourcesBuildPhase;
			buildActionMask = 2147483647;
			files = (
				B593E1FD197B0D96009D4BDD /* InfoPlist.strings in Resources */,
			);
			runOnlyForDeploymentPostprocessing = 0;
		};
/* End PBXResourcesBuildPhase section */

/* Begin PBXSourcesBuildPhase section */
		B593E1D2197B0D96009D4BDD /* Sources */ = {
			isa = PBXSourcesBuildPhase;
			buildActionMask = 2147483647;
			files = (
				B593E1EA197B0D96009D4BDD /* AppDelegate.m in Sources */,
				B593E20B197B0DF0009D4BDD /* MovieViewController.m in Sources */,
				B593E1E6197B0D96009D4BDD /* main.m in Sources */,
			);
			runOnlyForDeploymentPostprocessing = 0;
		};
		B593E1ED197B0D96009D4BDD /* Sources */ = {
			isa = PBXSourcesBuildPhase;
			buildActionMask = 2147483647;
			files = (
				B593E1FF197B0D96009D4BDD /* Rotten_TomatoesTests.m in Sources */,
			);
			runOnlyForDeploymentPostprocessing = 0;
		};
/* End PBXSourcesBuildPhase section */

/* Begin PBXTargetDependency section */
		B593E1F7197B0D96009D4BDD /* PBXTargetDependency */ = {
			isa = PBXTargetDependency;
			target = B593E1D5197B0D96009D4BDD /* Rotten Tomatoes */;
			targetProxy = B593E1F6197B0D96009D4BDD /* PBXContainerItemProxy */;
		};
/* End PBXTargetDependency section */

/* Begin PBXVariantGroup section */
		B593E1E2197B0D96009D4BDD /* InfoPlist.strings */ = {
			isa = PBXVariantGroup;
			children = (
				B593E1E3197B0D96009D4BDD /* en */,
			);
			name = InfoPlist.strings;
			sourceTree = "<group>";
		};
		B593E1FB197B0D96009D4BDD /* InfoPlist.strings */ = {
			isa = PBXVariantGroup;
			children = (
				B593E1FC197B0D96009D4BDD /* en */,
			);
			name = InfoPlist.strings;
			sourceTree = "<group>";
		};
/* End PBXVariantGroup section */

/* Begin XCBuildConfiguration section */
		B593E200197B0D96009D4BDD /* Debug */ = {
			isa = XCBuildConfiguration;
			buildSettings = {
				ALWAYS_SEARCH_USER_PATHS = NO;
				CLANG_CXX_LANGUAGE_STANDARD = "gnu++0x";
				CLANG_CXX_LIBRARY = "libc++";
				CLANG_ENABLE_MODULES = YES;
				CLANG_ENABLE_OBJC_ARC = YES;
				CLANG_WARN_BOOL_CONVERSION = YES;
				CLANG_WARN_CONSTANT_CONVERSION = YES;
				CLANG_WARN_DIRECT_OBJC_ISA_USAGE = YES_ERROR;
				CLANG_WARN_EMPTY_BODY = YES;
				CLANG_WARN_ENUM_CONVERSION = YES;
				CLANG_WARN_INT_CONVERSION = YES;
				CLANG_WARN_OBJC_ROOT_CLASS = YES_ERROR;
				CLANG_WARN__DUPLICATE_METHOD_MATCH = YES;
				"CODE_SIGN_IDENTITY[sdk=iphoneos*]" = "iPhone Developer";
				COPY_PHASE_STRIP = NO;
				GCC_C_LANGUAGE_STANDARD = gnu99;
				GCC_DYNAMIC_NO_PIC = NO;
				GCC_OPTIMIZATION_LEVEL = 0;
				GCC_PREPROCESSOR_DEFINITIONS = (
					"DEBUG=1",
					"$(inherited)",
				);
				GCC_SYMBOLS_PRIVATE_EXTERN = NO;
				GCC_WARN_64_TO_32_BIT_CONVERSION = YES;
				GCC_WARN_ABOUT_RETURN_TYPE = YES_ERROR;
				GCC_WARN_UNDECLARED_SELECTOR = YES;
				GCC_WARN_UNINITIALIZED_AUTOS = YES_AGGRESSIVE;
				GCC_WARN_UNUSED_FUNCTION = YES;
				GCC_WARN_UNUSED_VARIABLE = YES;
				IPHONEOS_DEPLOYMENT_TARGET = 7.1;
				ONLY_ACTIVE_ARCH = YES;
				SDKROOT = iphoneos;
				TARGETED_DEVICE_FAMILY = "1,2";
			};
			name = Debug;
		};
		B593E201197B0D96009D4BDD /* Release */ = {
			isa = XCBuildConfiguration;
			buildSettings = {
				ALWAYS_SEARCH_USER_PATHS = NO;
				CLANG_CXX_LANGUAGE_STANDARD = "gnu++0x";
				CLANG_CXX_LIBRARY = "libc++";
				CLANG_ENABLE_MODULES = YES;
				CLANG_ENABLE_OBJC_ARC = YES;
				CLANG_WARN_BOOL_CONVERSION = YES;
				CLANG_WARN_CONSTANT_CONVERSION = YES;
				CLANG_WARN_DIRECT_OBJC_ISA_USAGE = YES_ERROR;
				CLANG_WARN_EMPTY_BODY = YES;
				CLANG_WARN_ENUM_CONVERSION = YES;
				CLANG_WARN_INT_CONVERSION = YES;
				CLANG_WARN_OBJC_ROOT_CLASS = YES_ERROR;
				CLANG_WARN__DUPLICATE_METHOD_MATCH = YES;
				"CODE_SIGN_IDENTITY[sdk=iphoneos*]" = "iPhone Developer";
				COPY_PHASE_STRIP = YES;
				ENABLE_NS_ASSERTIONS = NO;
				GCC_C_LANGUAGE_STANDARD = gnu99;
				GCC_WARN_64_TO_32_BIT_CONVERSION = YES;
				GCC_WARN_ABOUT_RETURN_TYPE = YES_ERROR;
				GCC_WARN_UNDECLARED_SELECTOR = YES;
				GCC_WARN_UNINITIALIZED_AUTOS = YES_AGGRESSIVE;
				GCC_WARN_UNUSED_FUNCTION = YES;
				GCC_WARN_UNUSED_VARIABLE = YES;
				IPHONEOS_DEPLOYMENT_TARGET = 7.1;
				SDKROOT = iphoneos;
				TARGETED_DEVICE_FAMILY = "1,2";
				VALIDATE_PRODUCT = YES;
			};
			name = Release;
		};
		B593E203197B0D96009D4BDD /* Debug */ = {
			isa = XCBuildConfiguration;
			buildSettings = {
				ASSETCATALOG_COMPILER_APPICON_NAME = AppIcon;
				ASSETCATALOG_COMPILER_LAUNCHIMAGE_NAME = LaunchImage;
				GCC_PRECOMPILE_PREFIX_HEADER = YES;
				GCC_PREFIX_HEADER = "Rotten Tomatoes/Rotten Tomatoes-Prefix.pch";
				INFOPLIST_FILE = "Rotten Tomatoes/Rotten Tomatoes-Info.plist";
				PRODUCT_NAME = "$(TARGET_NAME)";
				WRAPPER_EXTENSION = app;
			};
			name = Debug;
		};
		B593E204197B0D96009D4BDD /* Release */ = {
			isa = XCBuildConfiguration;
			buildSettings = {
				ASSETCATALOG_COMPILER_APPICON_NAME = AppIcon;
				ASSETCATALOG_COMPILER_LAUNCHIMAGE_NAME = LaunchImage;
				GCC_PRECOMPILE_PREFIX_HEADER = YES;
				GCC_PREFIX_HEADER = "Rotten Tomatoes/Rotten Tomatoes-Prefix.pch";
				INFOPLIST_FILE = "Rotten Tomatoes/Rotten Tomatoes-Info.plist";
				PRODUCT_NAME = "$(TARGET_NAME)";
				WRAPPER_EXTENSION = app;
			};
			name = Release;
		};
		B593E206197B0D96009D4BDD /* Debug */ = {
			isa = XCBuildConfiguration;
			buildSettings = {
				BUNDLE_LOADER = "$(BUILT_PRODUCTS_DIR)/Rotten Tomatoes.app/Rotten Tomatoes";
				FRAMEWORK_SEARCH_PATHS = (
					"$(SDKROOT)/Developer/Library/Frameworks",
					"$(inherited)",
					"$(DEVELOPER_FRAMEWORKS_DIR)",
				);
				GCC_PRECOMPILE_PREFIX_HEADER = YES;
				GCC_PREFIX_HEADER = "Rotten Tomatoes/Rotten Tomatoes-Prefix.pch";
				GCC_PREPROCESSOR_DEFINITIONS = (
					"DEBUG=1",
					"$(inherited)",
				);
				INFOPLIST_FILE = "Rotten TomatoesTests/Rotten TomatoesTests-Info.plist";
				PRODUCT_NAME = "$(TARGET_NAME)";
				TEST_HOST = "$(BUNDLE_LOADER)";
				WRAPPER_EXTENSION = xctest;
			};
			name = Debug;
		};
		B593E207197B0D96009D4BDD /* Release */ = {
			isa = XCBuildConfiguration;
			buildSettings = {
				BUNDLE_LOADER = "$(BUILT_PRODUCTS_DIR)/Rotten Tomatoes.app/Rotten Tomatoes";
				FRAMEWORK_SEARCH_PATHS = (
					"$(SDKROOT)/Developer/Library/Frameworks",
					"$(inherited)",
					"$(DEVELOPER_FRAMEWORKS_DIR)",
				);
				GCC_PRECOMPILE_PREFIX_HEADER = YES;
				GCC_PREFIX_HEADER = "Rotten Tomatoes/Rotten Tomatoes-Prefix.pch";
				INFOPLIST_FILE = "Rotten TomatoesTests/Rotten TomatoesTests-Info.plist";
				PRODUCT_NAME = "$(TARGET_NAME)";
				TEST_HOST = "$(BUNDLE_LOADER)";
				WRAPPER_EXTENSION = xctest;
			};
			name = Release;
		};
/* End XCBuildConfiguration section */

/* Begin XCConfigurationList section */
		B593E1D1197B0D95009D4BDD /* Build configuration list for PBXProject "Rotten Tomatoes" */ = {
			isa = XCConfigurationList;
			buildConfigurations = (
				B593E200197B0D96009D4BDD /* Debug */,
				B593E201197B0D96009D4BDD /* Release */,
			);
			defaultConfigurationIsVisible = 0;
			defaultConfigurationName = Release;
		};
		B593E202197B0D96009D4BDD /* Build configuration list for PBXNativeTarget "Rotten Tomatoes" */ = {
			isa = XCConfigurationList;
			buildConfigurations = (
				B593E203197B0D96009D4BDD /* Debug */,
				B593E204197B0D96009D4BDD /* Release */,
			);
			defaultConfigurationIsVisible = 0;
		};
		B593E205197B0D96009D4BDD /* Build configuration list for PBXNativeTarget "Rotten TomatoesTests" */ = {
			isa = XCConfigurationList;
			buildConfigurations = (
				B593E206197B0D96009D4BDD /* Debug */,
				B593E207197B0D96009D4BDD /* Release */,
			);
			defaultConfigurationIsVisible = 0;
		};
/* End XCConfigurationList section */
	};
	rootObject = B593E1CE197B0D95009D4BDD /* Project object */;
}
